
Microsoft Visual Studio Solution File, Format Version 12.00
# Visual Studio Version 17
VisualStudioVersion = 17.5.33530.505
MinimumVisualStudioVersion = 10.0.40219.1
Project("{9A19103F-16F7-4668-BE54-9A1E7A4F7556}") = "WebApi", "WebApi.csproj", "{47195CA8-298D-4BF0-A9AE-26906E95CDEC}"
EndProject
Project("{FAE04EC0-301F-11D3-BF4B-00C04F79EFBC}") = "WebApi.Tests", "..\WebApi.Tests\WebApi.Tests.csproj", "{F7842779-466B-4911-80F5-DBAE64649473}"
EndProject
Global
	GlobalSection(SolutionConfigurationPlatforms) = preSolution
		Debug|Any CPU = Debug|Any CPU
		Release|Any CPU = Release|Any CPU
	EndGlobalSection
	GlobalSection(ProjectConfigurationPlatforms) = postSolution
		{47195CA8-298D-4BF0-A9AE-26906E95CDEC}.Debug|Any CPU.ActiveCfg = Debug|Any CPU
		{47195CA8-298D-4BF0-A9AE-26906E95CDEC}.Debug|Any CPU.Build.0 = Debug|Any CPU
		{47195CA8-298D-4BF0-A9AE-26906E95CDEC}.Release|Any CPU.ActiveCfg = Release|Any CPU
		{47195CA8-298D-4BF0-A9AE-26906E95CDEC}.Release|Any CPU.Build.0 = Release|Any CPU
		{F7842779-466B-4911-80F5-DBAE64649473}.Debug|Any CPU.ActiveCfg = Debug|Any CPU
		{F7842779-466B-4911-80F5-DBAE64649473}.Debug|Any CPU.Build.0 = Debug|Any CPU
		{F7842779-466B-4911-80F5-DBAE64649473}.Release|Any CPU.ActiveCfg = Release|Any CPU
		{F7842779-466B-4911-80F5-DBAE64649473}.Release|Any CPU.Build.0 = Release|Any CPU
	EndGlobalSection
	GlobalSection(SolutionProperties) = preSolution
		HideSolutionNode = FALSE
	EndGlobalSection
	GlobalSection(ExtensibilityGlobals) = postSolution
		SolutionGuid = {6FF027F4-5532-4CF1-B529-A9331C5D13AC}
	EndGlobalSection
EndGlobal
